// !$*UTF8*$!
{
	archiveVersion = 1;
	classes = {
	};
	objectVersion = 51;
	objects = {

/* Begin PBXBuildFile section */
		BFA8D7820858FBBF3C90D6EE /* Pods_ShortURL.framework in Frameworks */ = {isa = PBXBuildFile; fileRef = 51235C9043F5102344655489 /* Pods_ShortURL.framework */; };
		D47266FC29F1D09000E9537A /* AppDelegate.swift in Sources */ = {isa = PBXBuildFile; fileRef = D47266FB29F1D09000E9537A /* AppDelegate.swift */; };
		D47266FE29F1D09000E9537A /* SceneDelegate.swift in Sources */ = {isa = PBXBuildFile; fileRef = D47266FD29F1D09000E9537A /* SceneDelegate.swift */; };
		D472670529F1D09A00E9537A /* Assets.xcassets in Resources */ = {isa = PBXBuildFile; fileRef = D472670429F1D09A00E9537A /* Assets.xcassets */; };
		D472670829F1D09A00E9537A /* LaunchScreen.storyboard in Resources */ = {isa = PBXBuildFile; fileRef = D472670629F1D09A00E9537A /* LaunchScreen.storyboard */; };
		D472671429F1D40C00E9537A /* HomeViewController.swift in Sources */ = {isa = PBXBuildFile; fileRef = D472671329F1D40C00E9537A /* HomeViewController.swift */; };
		D472671729F1D41800E9537A /* HomeInteractor.swift in Sources */ = {isa = PBXBuildFile; fileRef = D472671629F1D41800E9537A /* HomeInteractor.swift */; };
		D472671929F1D42400E9537A /* HomePresenter.swift in Sources */ = {isa = PBXBuildFile; fileRef = D472671829F1D42400E9537A /* HomePresenter.swift */; };
		D472671D29F1D6B000E9537A /* ShortURL.swift in Sources */ = {isa = PBXBuildFile; fileRef = D472671C29F1D6B000E9537A /* ShortURL.swift */; };
		D472672229F1D7A600E9537A /* ViewConfiguration.swift in Sources */ = {isa = PBXBuildFile; fileRef = D472672129F1D7A600E9537A /* ViewConfiguration.swift */; };
		D472672729F1D85200E9537A /* HomeView.swift in Sources */ = {isa = PBXBuildFile; fileRef = D472672629F1D85200E9537A /* HomeView.swift */; };
		D48933EC29F700880008DAE0 /* PreviewView.swift in Sources */ = {isa = PBXBuildFile; fileRef = D48933EB29F700880008DAE0 /* PreviewView.swift */; };
		D48933F029F700B00008DAE0 /* PreviewViewController.swift in Sources */ = {isa = PBXBuildFile; fileRef = D48933EF29F700B00008DAE0 /* PreviewViewController.swift */; };
		D48933F429F702050008DAE0 /* APIError.swift in Sources */ = {isa = PBXBuildFile; fileRef = D48933F329F702050008DAE0 /* APIError.swift */; };
		D48933F829F702E50008DAE0 /* NetworkManager.swift in Sources */ = {isa = PBXBuildFile; fileRef = D48933F729F702E50008DAE0 /* NetworkManager.swift */; };
		D48933FB29F703770008DAE0 /* EndPoint.swift in Sources */ = {isa = PBXBuildFile; fileRef = D48933FA29F703770008DAE0 /* EndPoint.swift */; };
		D48933FE29F704910008DAE0 /* APIRoute.swift in Sources */ = {isa = PBXBuildFile; fileRef = D48933FD29F704910008DAE0 /* APIRoute.swift */; };
		D489340129F705110008DAE0 /* Method.swift in Sources */ = {isa = PBXBuildFile; fileRef = D489340029F705110008DAE0 /* Method.swift */; };
		D489340429F7081C0008DAE0 /* Parser.swift in Sources */ = {isa = PBXBuildFile; fileRef = D489340329F7081C0008DAE0 /* Parser.swift */; };
		D489340729F70E1F0008DAE0 /* HomeService.swift in Sources */ = {isa = PBXBuildFile; fileRef = D489340629F70E1F0008DAE0 /* HomeService.swift */; };
		D49ADA6F29F7495B00A5C8B5 /* HomeViewCell.swift in Sources */ = {isa = PBXBuildFile; fileRef = D49ADA6E29F7495B00A5C8B5 /* HomeViewCell.swift */; };
		D49ADA7229F8299800A5C8B5 /* HomeFactory.swift in Sources */ = {isa = PBXBuildFile; fileRef = D49ADA7129F8299800A5C8B5 /* HomeFactory.swift */; };
		D49ADA7529F82FFD00A5C8B5 /* UIViewController+SnackBar.swift in Sources */ = {isa = PBXBuildFile; fileRef = D49ADA7429F82FFD00A5C8B5 /* UIViewController+SnackBar.swift */; };
		D49ADA7A29F8303E00A5C8B5 /* SnackBarManager.swift in Sources */ = {isa = PBXBuildFile; fileRef = D49ADA7929F8303E00A5C8B5 /* SnackBarManager.swift */; };
		D49ADA7D29F8307E00A5C8B5 /* SnackBar.swift in Sources */ = {isa = PBXBuildFile; fileRef = D49ADA7C29F8307E00A5C8B5 /* SnackBar.swift */; };
		D49ADA8129F8506F00A5C8B5 /* LocalDataManager.swift in Sources */ = {isa = PBXBuildFile; fileRef = D49ADA8029F8506F00A5C8B5 /* LocalDataManager.swift */; };
		D49ADA9629F8604F00A5C8B5 /* HomeInteractorTests.swift in Sources */ = {isa = PBXBuildFile; fileRef = D49ADA9529F8604F00A5C8B5 /* HomeInteractorTests.swift */; };
		D49ADA9E29F868D000A5C8B5 /* HomePresenterTests.swift in Sources */ = {isa = PBXBuildFile; fileRef = D49ADA9D29F868D000A5C8B5 /* HomePresenterTests.swift */; };
		D49ADAA229F86E0200A5C8B5 /* HomeServiceTests.swift in Sources */ = {isa = PBXBuildFile; fileRef = D49ADAA129F86E0200A5C8B5 /* HomeServiceTests.swift */; };
		D49ADAA829F87F9500A5C8B5 /* NetworkManagerTests.swift in Sources */ = {isa = PBXBuildFile; fileRef = D49ADAA729F87F9500A5C8B5 /* NetworkManagerTests.swift */; };
		D49ADAAC29F87FAA00A5C8B5 /* LocalDataManagerTests.swift in Sources */ = {isa = PBXBuildFile; fileRef = D49ADAAB29F87FAA00A5C8B5 /* LocalDataManagerTests.swift */; };
		D49ADAB029F8BE1C00A5C8B5 /* URLSessionMock.swift in Sources */ = {isa = PBXBuildFile; fileRef = D49ADAAF29F8BE1C00A5C8B5 /* URLSessionMock.swift */; };
/* End PBXBuildFile section */

/* Begin PBXContainerItemProxy section */
		D49ADA8D29F85E2A00A5C8B5 /* PBXContainerItemProxy */ = {
			isa = PBXContainerItemProxy;
			containerPortal = D47266F029F1D09000E9537A /* Project object */;
			proxyType = 1;
			remoteGlobalIDString = D47266F729F1D09000E9537A;
			remoteInfo = ShortURL;
		};
/* End PBXContainerItemProxy section */

/* Begin PBXFileReference section */
		34801A51430B8754E526C621 /* Pods-ShortURL.debug.xcconfig */ = {isa = PBXFileReference; includeInIndex = 1; lastKnownFileType = text.xcconfig; name = "Pods-ShortURL.debug.xcconfig"; path = "Target Support Files/Pods-ShortURL/Pods-ShortURL.debug.xcconfig"; sourceTree = "<group>"; };
		51235C9043F5102344655489 /* Pods_ShortURL.framework */ = {isa = PBXFileReference; explicitFileType = wrapper.framework; includeInIndex = 0; path = Pods_ShortURL.framework; sourceTree = BUILT_PRODUCTS_DIR; };
		7E7A5A076976012C8D3F56C4 /* Pods-ShortURL.release.xcconfig */ = {isa = PBXFileReference; includeInIndex = 1; lastKnownFileType = text.xcconfig; name = "Pods-ShortURL.release.xcconfig"; path = "Target Support Files/Pods-ShortURL/Pods-ShortURL.release.xcconfig"; sourceTree = "<group>"; };
		D47266F829F1D09000E9537A /* ShortURL.app */ = {isa = PBXFileReference; explicitFileType = wrapper.application; includeInIndex = 0; path = ShortURL.app; sourceTree = BUILT_PRODUCTS_DIR; };
		D47266FB29F1D09000E9537A /* AppDelegate.swift */ = {isa = PBXFileReference; lastKnownFileType = sourcecode.swift; path = AppDelegate.swift; sourceTree = "<group>"; };
		D47266FD29F1D09000E9537A /* SceneDelegate.swift */ = {isa = PBXFileReference; lastKnownFileType = sourcecode.swift; path = SceneDelegate.swift; sourceTree = "<group>"; };
		D472670429F1D09A00E9537A /* Assets.xcassets */ = {isa = PBXFileReference; lastKnownFileType = folder.assetcatalog; path = Assets.xcassets; sourceTree = "<group>"; };
		D472670729F1D09A00E9537A /* Base */ = {isa = PBXFileReference; lastKnownFileType = file.storyboard; name = Base; path = Base.lproj/LaunchScreen.storyboard; sourceTree = "<group>"; };
		D472670929F1D09A00E9537A /* Info.plist */ = {isa = PBXFileReference; lastKnownFileType = text.plist.xml; path = Info.plist; sourceTree = "<group>"; };
		D472671329F1D40C00E9537A /* HomeViewController.swift */ = {isa = PBXFileReference; lastKnownFileType = sourcecode.swift; path = HomeViewController.swift; sourceTree = "<group>"; };
		D472671629F1D41800E9537A /* HomeInteractor.swift */ = {isa = PBXFileReference; lastKnownFileType = sourcecode.swift; path = HomeInteractor.swift; sourceTree = "<group>"; };
		D472671829F1D42400E9537A /* HomePresenter.swift */ = {isa = PBXFileReference; lastKnownFileType = sourcecode.swift; path = HomePresenter.swift; sourceTree = "<group>"; };
		D472671C29F1D6B000E9537A /* ShortURL.swift */ = {isa = PBXFileReference; lastKnownFileType = sourcecode.swift; path = ShortURL.swift; sourceTree = "<group>"; };
		D472672129F1D7A600E9537A /* ViewConfiguration.swift */ = {isa = PBXFileReference; lastKnownFileType = sourcecode.swift; path = ViewConfiguration.swift; sourceTree = "<group>"; };
		D472672629F1D85200E9537A /* HomeView.swift */ = {isa = PBXFileReference; lastKnownFileType = sourcecode.swift; path = HomeView.swift; sourceTree = "<group>"; };
		D48933EB29F700880008DAE0 /* PreviewView.swift */ = {isa = PBXFileReference; lastKnownFileType = sourcecode.swift; path = PreviewView.swift; sourceTree = "<group>"; };
		D48933EF29F700B00008DAE0 /* PreviewViewController.swift */ = {isa = PBXFileReference; lastKnownFileType = sourcecode.swift; path = PreviewViewController.swift; sourceTree = "<group>"; };
		D48933F329F702050008DAE0 /* APIError.swift */ = {isa = PBXFileReference; lastKnownFileType = sourcecode.swift; path = APIError.swift; sourceTree = "<group>"; };
		D48933F729F702E50008DAE0 /* NetworkManager.swift */ = {isa = PBXFileReference; lastKnownFileType = sourcecode.swift; path = NetworkManager.swift; sourceTree = "<group>"; };
		D48933FA29F703770008DAE0 /* EndPoint.swift */ = {isa = PBXFileReference; lastKnownFileType = sourcecode.swift; path = EndPoint.swift; sourceTree = "<group>"; };
		D48933FD29F704910008DAE0 /* APIRoute.swift */ = {isa = PBXFileReference; lastKnownFileType = sourcecode.swift; path = APIRoute.swift; sourceTree = "<group>"; };
		D489340029F705110008DAE0 /* Method.swift */ = {isa = PBXFileReference; lastKnownFileType = sourcecode.swift; path = Method.swift; sourceTree = "<group>"; };
		D489340329F7081C0008DAE0 /* Parser.swift */ = {isa = PBXFileReference; lastKnownFileType = sourcecode.swift; path = Parser.swift; sourceTree = "<group>"; };
		D489340629F70E1F0008DAE0 /* HomeService.swift */ = {isa = PBXFileReference; lastKnownFileType = sourcecode.swift; path = HomeService.swift; sourceTree = "<group>"; };
		D49ADA6E29F7495B00A5C8B5 /* HomeViewCell.swift */ = {isa = PBXFileReference; lastKnownFileType = sourcecode.swift; path = HomeViewCell.swift; sourceTree = "<group>"; };
		D49ADA7129F8299800A5C8B5 /* HomeFactory.swift */ = {isa = PBXFileReference; lastKnownFileType = sourcecode.swift; path = HomeFactory.swift; sourceTree = "<group>"; };
		D49ADA7429F82FFD00A5C8B5 /* UIViewController+SnackBar.swift */ = {isa = PBXFileReference; lastKnownFileType = sourcecode.swift; path = "UIViewController+SnackBar.swift"; sourceTree = "<group>"; };
		D49ADA7929F8303E00A5C8B5 /* SnackBarManager.swift */ = {isa = PBXFileReference; lastKnownFileType = sourcecode.swift; path = SnackBarManager.swift; sourceTree = "<group>"; };
		D49ADA7C29F8307E00A5C8B5 /* SnackBar.swift */ = {isa = PBXFileReference; lastKnownFileType = sourcecode.swift; path = SnackBar.swift; sourceTree = "<group>"; };
		D49ADA8029F8506F00A5C8B5 /* LocalDataManager.swift */ = {isa = PBXFileReference; lastKnownFileType = sourcecode.swift; path = LocalDataManager.swift; sourceTree = "<group>"; };
		D49ADA8829F85E2A00A5C8B5 /* ShortURLTests.xctest */ = {isa = PBXFileReference; explicitFileType = wrapper.cfbundle; includeInIndex = 0; path = ShortURLTests.xctest; sourceTree = BUILT_PRODUCTS_DIR; };
		D49ADA8C29F85E2A00A5C8B5 /* Info.plist */ = {isa = PBXFileReference; lastKnownFileType = text.plist.xml; path = Info.plist; sourceTree = "<group>"; };
		D49ADA9529F8604F00A5C8B5 /* HomeInteractorTests.swift */ = {isa = PBXFileReference; lastKnownFileType = sourcecode.swift; path = HomeInteractorTests.swift; sourceTree = "<group>"; };
		D49ADA9D29F868D000A5C8B5 /* HomePresenterTests.swift */ = {isa = PBXFileReference; lastKnownFileType = sourcecode.swift; path = HomePresenterTests.swift; sourceTree = "<group>"; };
		D49ADAA129F86E0200A5C8B5 /* HomeServiceTests.swift */ = {isa = PBXFileReference; lastKnownFileType = sourcecode.swift; path = HomeServiceTests.swift; sourceTree = "<group>"; };
		D49ADAA729F87F9500A5C8B5 /* NetworkManagerTests.swift */ = {isa = PBXFileReference; lastKnownFileType = sourcecode.swift; path = NetworkManagerTests.swift; sourceTree = "<group>"; };
		D49ADAAB29F87FAA00A5C8B5 /* LocalDataManagerTests.swift */ = {isa = PBXFileReference; lastKnownFileType = sourcecode.swift; path = LocalDataManagerTests.swift; sourceTree = "<group>"; };
		D49ADAAF29F8BE1C00A5C8B5 /* URLSessionMock.swift */ = {isa = PBXFileReference; lastKnownFileType = sourcecode.swift; path = URLSessionMock.swift; sourceTree = "<group>"; };
/* End PBXFileReference section */

/* Begin PBXFrameworksBuildPhase section */
		D47266F529F1D09000E9537A /* Frameworks */ = {
			isa = PBXFrameworksBuildPhase;
			buildActionMask = 2147483647;
			files = (
				BFA8D7820858FBBF3C90D6EE /* Pods_ShortURL.framework in Frameworks */,
			);
			runOnlyForDeploymentPostprocessing = 0;
		};
		D49ADA8529F85E2A00A5C8B5 /* Frameworks */ = {
			isa = PBXFrameworksBuildPhase;
			buildActionMask = 2147483647;
			files = (
			);
			runOnlyForDeploymentPostprocessing = 0;
		};
/* End PBXFrameworksBuildPhase section */

/* Begin PBXGroup section */
		410D3F6D88571DFBEBAAEFF0 /* Pods */ = {
			isa = PBXGroup;
			children = (
				34801A51430B8754E526C621 /* Pods-ShortURL.debug.xcconfig */,
				7E7A5A076976012C8D3F56C4 /* Pods-ShortURL.release.xcconfig */,
			);
			path = Pods;
			sourceTree = "<group>";
		};
		90CEFA6EE25D1B4A05A6EA6C /* Frameworks */ = {
			isa = PBXGroup;
			children = (
				51235C9043F5102344655489 /* Pods_ShortURL.framework */,
			);
			name = Frameworks;
			sourceTree = "<group>";
		};
		D47266EF29F1D09000E9537A = {
			isa = PBXGroup;
			children = (
				D47266FA29F1D09000E9537A /* ShortURL */,
				D49ADA8929F85E2A00A5C8B5 /* ShortURLTests */,
				D47266F929F1D09000E9537A /* Products */,
				410D3F6D88571DFBEBAAEFF0 /* Pods */,
				90CEFA6EE25D1B4A05A6EA6C /* Frameworks */,
			);
			sourceTree = "<group>";
		};
		D47266F929F1D09000E9537A /* Products */ = {
			isa = PBXGroup;
			children = (
				D47266F829F1D09000E9537A /* ShortURL.app */,
				D49ADA8829F85E2A00A5C8B5 /* ShortURLTests.xctest */,
			);
			name = Products;
			sourceTree = "<group>";
		};
		D47266FA29F1D09000E9537A /* ShortURL */ = {
			isa = PBXGroup;
			children = (
				D49ADA7F29F8506000A5C8B5 /* Local */,
				D49ADA7729F8301600A5C8B5 /* Components */,
				D48933F229F701D70008DAE0 /* Network */,
				D48933EA29F7006A0008DAE0 /* Utils */,
				D472672029F1D77100E9537A /* Protocols */,
				D472671229F1D3FB00E9537A /* Scenes */,
				D47266FB29F1D09000E9537A /* AppDelegate.swift */,
				D47266FD29F1D09000E9537A /* SceneDelegate.swift */,
				D472670429F1D09A00E9537A /* Assets.xcassets */,
				D472670629F1D09A00E9537A /* LaunchScreen.storyboard */,
				D472670929F1D09A00E9537A /* Info.plist */,
			);
			path = ShortURL;
			sourceTree = "<group>";
		};
		D472671229F1D3FB00E9537A /* Scenes */ = {
			isa = PBXGroup;
			children = (
				D472672529F1D84300E9537A /* Views */,
				D472671B29F1D6A400E9537A /* Model */,
				D472671329F1D40C00E9537A /* HomeViewController.swift */,
				D472671629F1D41800E9537A /* HomeInteractor.swift */,
				D472671829F1D42400E9537A /* HomePresenter.swift */,
				D489340629F70E1F0008DAE0 /* HomeService.swift */,
				D49ADA7129F8299800A5C8B5 /* HomeFactory.swift */,
			);
			path = Scenes;
			sourceTree = "<group>";
		};
		D472671B29F1D6A400E9537A /* Model */ = {
			isa = PBXGroup;
			children = (
				D472671C29F1D6B000E9537A /* ShortURL.swift */,
			);
			path = Model;
			sourceTree = "<group>";
		};
		D472672029F1D77100E9537A /* Protocols */ = {
			isa = PBXGroup;
			children = (
				D472672129F1D7A600E9537A /* ViewConfiguration.swift */,
			);
			path = Protocols;
			sourceTree = "<group>";
		};
		D472672529F1D84300E9537A /* Views */ = {
			isa = PBXGroup;
			children = (
				D49ADA6D29F7494A00A5C8B5 /* Cells */,
				D472672629F1D85200E9537A /* HomeView.swift */,
			);
			path = Views;
			sourceTree = "<group>";
		};
		D48933EA29F7006A0008DAE0 /* Utils */ = {
			isa = PBXGroup;
			children = (
				D48933EB29F700880008DAE0 /* PreviewView.swift */,
				D48933EF29F700B00008DAE0 /* PreviewViewController.swift */,
			);
			path = Utils;
			sourceTree = "<group>";
		};
		D48933F229F701D70008DAE0 /* Network */ = {
			isa = PBXGroup;
			children = (
				D48933F329F702050008DAE0 /* APIError.swift */,
				D48933F729F702E50008DAE0 /* NetworkManager.swift */,
				D48933FA29F703770008DAE0 /* EndPoint.swift */,
				D48933FD29F704910008DAE0 /* APIRoute.swift */,
				D489340029F705110008DAE0 /* Method.swift */,
				D489340329F7081C0008DAE0 /* Parser.swift */,
			);
			path = Network;
			sourceTree = "<group>";
		};
		D49ADA6D29F7494A00A5C8B5 /* Cells */ = {
			isa = PBXGroup;
			children = (
				D49ADA6E29F7495B00A5C8B5 /* HomeViewCell.swift */,
			);
			path = Cells;
			sourceTree = "<group>";
		};
		D49ADA7729F8301600A5C8B5 /* Components */ = {
			isa = PBXGroup;
			children = (
				D49ADA7829F8301D00A5C8B5 /* SnackBar */,
			);
			path = Components;
			sourceTree = "<group>";
		};
		D49ADA7829F8301D00A5C8B5 /* SnackBar */ = {
			isa = PBXGroup;
			children = (
				D49ADA7429F82FFD00A5C8B5 /* UIViewController+SnackBar.swift */,
				D49ADA7929F8303E00A5C8B5 /* SnackBarManager.swift */,
				D49ADA7C29F8307E00A5C8B5 /* SnackBar.swift */,
			);
			path = SnackBar;
			sourceTree = "<group>";
		};
		D49ADA7F29F8506000A5C8B5 /* Local */ = {
			isa = PBXGroup;
			children = (
				D49ADA8029F8506F00A5C8B5 /* LocalDataManager.swift */,
			);
			path = Local;
			sourceTree = "<group>";
		};
		D49ADA8929F85E2A00A5C8B5 /* ShortURLTests */ = {
			isa = PBXGroup;
			children = (
				D49ADAA629F87F8100A5C8B5 /* Local */,
				D49ADAA529F87F7B00A5C8B5 /* Network */,
				D49ADA9429F8603100A5C8B5 /* Scenes */,
				D49ADA8C29F85E2A00A5C8B5 /* Info.plist */,
			);
			path = ShortURLTests;
			sourceTree = "<group>";
		};
		D49ADA9429F8603100A5C8B5 /* Scenes */ = {
			isa = PBXGroup;
			children = (
				D49ADA9529F8604F00A5C8B5 /* HomeInteractorTests.swift */,
				D49ADA9D29F868D000A5C8B5 /* HomePresenterTests.swift */,
				D49ADAA129F86E0200A5C8B5 /* HomeServiceTests.swift */,
			);
			path = Scenes;
			sourceTree = "<group>";
		};
		D49ADAA529F87F7B00A5C8B5 /* Network */ = {
			isa = PBXGroup;
			children = (
				D49ADAA729F87F9500A5C8B5 /* NetworkManagerTests.swift */,
				D49ADAAF29F8BE1C00A5C8B5 /* URLSessionMock.swift */,
			);
			path = Network;
			sourceTree = "<group>";
		};
		D49ADAA629F87F8100A5C8B5 /* Local */ = {
			isa = PBXGroup;
			children = (
				D49ADAAB29F87FAA00A5C8B5 /* LocalDataManagerTests.swift */,
			);
			path = Local;
			sourceTree = "<group>";
		};
/* End PBXGroup section */

/* Begin PBXNativeTarget section */
		D47266F729F1D09000E9537A /* ShortURL */ = {
			isa = PBXNativeTarget;
			buildConfigurationList = D472670C29F1D09A00E9537A /* Build configuration list for PBXNativeTarget "ShortURL" */;
			buildPhases = (
				48579FAA5D4D5BA849EE2E10 /* [CP] Check Pods Manifest.lock */,
				D47266F429F1D09000E9537A /* Sources */,
				D47266F529F1D09000E9537A /* Frameworks */,
				D47266F629F1D09000E9537A /* Resources */,
				4E2F3C3F598B4EB6D383D1E3 /* [CP] Embed Pods Frameworks */,
			);
			buildRules = (
			);
			dependencies = (
			);
			name = ShortURL;
			productName = ShortURL;
			productReference = D47266F829F1D09000E9537A /* ShortURL.app */;
			productType = "com.apple.product-type.application";
		};
		D49ADA8729F85E2A00A5C8B5 /* ShortURLTests */ = {
			isa = PBXNativeTarget;
			buildConfigurationList = D49ADA8F29F85E2A00A5C8B5 /* Build configuration list for PBXNativeTarget "ShortURLTests" */;
			buildPhases = (
				D49ADA8429F85E2A00A5C8B5 /* Sources */,
				D49ADA8529F85E2A00A5C8B5 /* Frameworks */,
				D49ADA8629F85E2A00A5C8B5 /* Resources */,
			);
			buildRules = (
			);
			dependencies = (
				D49ADA8E29F85E2A00A5C8B5 /* PBXTargetDependency */,
			);
			name = ShortURLTests;
			productName = ShortURLTests;
			productReference = D49ADA8829F85E2A00A5C8B5 /* ShortURLTests.xctest */;
			productType = "com.apple.product-type.bundle.unit-test";
		};
/* End PBXNativeTarget section */

/* Begin PBXProject section */
		D47266F029F1D09000E9537A /* Project object */ = {
			isa = PBXProject;
			attributes = {
				LastSwiftUpdateCheck = 1240;
				LastUpgradeCheck = 1240;
				TargetAttributes = {
					D47266F729F1D09000E9537A = {
						CreatedOnToolsVersion = 12.4;
					};
					D49ADA8729F85E2A00A5C8B5 = {
						CreatedOnToolsVersion = 12.4;
						TestTargetID = D47266F729F1D09000E9537A;
					};
				};
			};
			buildConfigurationList = D47266F329F1D09000E9537A /* Build configuration list for PBXProject "ShortURL" */;
			compatibilityVersion = "Xcode 9.3";
			developmentRegion = en;
			hasScannedForEncodings = 0;
			knownRegions = (
				en,
				Base,
			);
			mainGroup = D47266EF29F1D09000E9537A;
			productRefGroup = D47266F929F1D09000E9537A /* Products */;
			projectDirPath = "";
			projectRoot = "";
			targets = (
				D47266F729F1D09000E9537A /* ShortURL */,
				D49ADA8729F85E2A00A5C8B5 /* ShortURLTests */,
			);
		};
/* End PBXProject section */

/* Begin PBXResourcesBuildPhase section */
		D47266F629F1D09000E9537A /* Resources */ = {
			isa = PBXResourcesBuildPhase;
			buildActionMask = 2147483647;
			files = (
				D472670829F1D09A00E9537A /* LaunchScreen.storyboard in Resources */,
				D472670529F1D09A00E9537A /* Assets.xcassets in Resources */,
			);
			runOnlyForDeploymentPostprocessing = 0;
		};
		D49ADA8629F85E2A00A5C8B5 /* Resources */ = {
			isa = PBXResourcesBuildPhase;
			buildActionMask = 2147483647;
			files = (
			);
			runOnlyForDeploymentPostprocessing = 0;
		};
/* End PBXResourcesBuildPhase section */

/* Begin PBXShellScriptBuildPhase section */
		48579FAA5D4D5BA849EE2E10 /* [CP] Check Pods Manifest.lock */ = {
			isa = PBXShellScriptBuildPhase;
			buildActionMask = 2147483647;
			files = (
			);
			inputFileListPaths = (
			);
			inputPaths = (
				"${PODS_PODFILE_DIR_PATH}/Podfile.lock",
				"${PODS_ROOT}/Manifest.lock",
			);
			name = "[CP] Check Pods Manifest.lock";
			outputFileListPaths = (
			);
			outputPaths = (
				"$(DERIVED_FILE_DIR)/Pods-ShortURL-checkManifestLockResult.txt",
			);
			runOnlyForDeploymentPostprocessing = 0;
			shellPath = /bin/sh;
			shellScript = "diff \"${PODS_PODFILE_DIR_PATH}/Podfile.lock\" \"${PODS_ROOT}/Manifest.lock\" > /dev/null\nif [ $? != 0 ] ; then\n    # print error to STDERR\n    echo \"error: The sandbox is not in sync with the Podfile.lock. Run 'pod install' or update your CocoaPods installation.\" >&2\n    exit 1\nfi\n# This output is used by Xcode 'outputs' to avoid re-running this script phase.\necho \"SUCCESS\" > \"${SCRIPT_OUTPUT_FILE_0}\"\n";
			showEnvVarsInLog = 0;
		};
		4E2F3C3F598B4EB6D383D1E3 /* [CP] Embed Pods Frameworks */ = {
			isa = PBXShellScriptBuildPhase;
			buildActionMask = 2147483647;
			files = (
			);
			inputFileListPaths = (
				"${PODS_ROOT}/Target Support Files/Pods-ShortURL/Pods-ShortURL-frameworks-${CONFIGURATION}-input-files.xcfilelist",
			);
			name = "[CP] Embed Pods Frameworks";
			outputFileListPaths = (
				"${PODS_ROOT}/Target Support Files/Pods-ShortURL/Pods-ShortURL-frameworks-${CONFIGURATION}-output-files.xcfilelist",
			);
			runOnlyForDeploymentPostprocessing = 0;
			shellPath = /bin/sh;
			shellScript = "\"${PODS_ROOT}/Target Support Files/Pods-ShortURL/Pods-ShortURL-frameworks.sh\"\n";
			showEnvVarsInLog = 0;
		};
/* End PBXShellScriptBuildPhase section */

/* Begin PBXSourcesBuildPhase section */
		D47266F429F1D09000E9537A /* Sources */ = {
			isa = PBXSourcesBuildPhase;
			buildActionMask = 2147483647;
			files = (
				D48933FB29F703770008DAE0 /* EndPoint.swift in Sources */,
				D48933F829F702E50008DAE0 /* NetworkManager.swift in Sources */,
				D472672729F1D85200E9537A /* HomeView.swift in Sources */,
				D47266FC29F1D09000E9537A /* AppDelegate.swift in Sources */,
				D489340429F7081C0008DAE0 /* Parser.swift in Sources */,
				D48933EC29F700880008DAE0 /* PreviewView.swift in Sources */,
				D489340129F705110008DAE0 /* Method.swift in Sources */,
				D49ADA8129F8506F00A5C8B5 /* LocalDataManager.swift in Sources */,
				D48933F029F700B00008DAE0 /* PreviewViewController.swift in Sources */,
				D47266FE29F1D09000E9537A /* SceneDelegate.swift in Sources */,
				D49ADA7A29F8303E00A5C8B5 /* SnackBarManager.swift in Sources */,
				D472671929F1D42400E9537A /* HomePresenter.swift in Sources */,
				D489340729F70E1F0008DAE0 /* HomeService.swift in Sources */,
				D472671D29F1D6B000E9537A /* ShortURL.swift in Sources */,
				D472672229F1D7A600E9537A /* ViewConfiguration.swift in Sources */,
				D49ADA7D29F8307E00A5C8B5 /* SnackBar.swift in Sources */,
				D48933FE29F704910008DAE0 /* APIRoute.swift in Sources */,
				D472671729F1D41800E9537A /* HomeInteractor.swift in Sources */,
				D49ADA7529F82FFD00A5C8B5 /* UIViewController+SnackBar.swift in Sources */,
				D472671429F1D40C00E9537A /* HomeViewController.swift in Sources */,
				D48933F429F702050008DAE0 /* APIError.swift in Sources */,
				D49ADA7229F8299800A5C8B5 /* HomeFactory.swift in Sources */,
				D49ADA6F29F7495B00A5C8B5 /* HomeViewCell.swift in Sources */,
			);
			runOnlyForDeploymentPostprocessing = 0;
		};
		D49ADA8429F85E2A00A5C8B5 /* Sources */ = {
			isa = PBXSourcesBuildPhase;
			buildActionMask = 2147483647;
			files = (
				D49ADAB029F8BE1C00A5C8B5 /* URLSessionMock.swift in Sources */,
				D49ADAAC29F87FAA00A5C8B5 /* LocalDataManagerTests.swift in Sources */,
				D49ADAA829F87F9500A5C8B5 /* NetworkManagerTests.swift in Sources */,
				D49ADAA229F86E0200A5C8B5 /* HomeServiceTests.swift in Sources */,
				D49ADA9629F8604F00A5C8B5 /* HomeInteractorTests.swift in Sources */,
				D49ADA9E29F868D000A5C8B5 /* HomePresenterTests.swift in Sources */,
			);
			runOnlyForDeploymentPostprocessing = 0;
		};
/* End PBXSourcesBuildPhase section */

/* Begin PBXTargetDependency section */
		D49ADA8E29F85E2A00A5C8B5 /* PBXTargetDependency */ = {
			isa = PBXTargetDependency;
			target = D47266F729F1D09000E9537A /* ShortURL */;
			targetProxy = D49ADA8D29F85E2A00A5C8B5 /* PBXContainerItemProxy */;
		};
/* End PBXTargetDependency section */

/* Begin PBXVariantGroup section */
		D472670629F1D09A00E9537A /* LaunchScreen.storyboard */ = {
			isa = PBXVariantGroup;
			children = (
				D472670729F1D09A00E9537A /* Base */,
			);
			name = LaunchScreen.storyboard;
			sourceTree = "<group>";
		};
/* End PBXVariantGroup section */

/* Begin XCBuildConfiguration section */
		D472670A29F1D09A00E9537A /* Debug */ = {
			isa = XCBuildConfiguration;
			buildSettings = {
				ALWAYS_SEARCH_USER_PATHS = NO;
				CLANG_ANALYZER_NONNULL = YES;
				CLANG_ANALYZER_NUMBER_OBJECT_CONVERSION = YES_AGGRESSIVE;
				CLANG_CXX_LANGUAGE_STANDARD = "gnu++14";
				CLANG_CXX_LIBRARY = "libc++";
				CLANG_ENABLE_MODULES = YES;
				CLANG_ENABLE_OBJC_ARC = YES;
				CLANG_ENABLE_OBJC_WEAK = YES;
				CLANG_WARN_BLOCK_CAPTURE_AUTORELEASING = YES;
				CLANG_WARN_BOOL_CONVERSION = YES;
				CLANG_WARN_COMMA = YES;
				CLANG_WARN_CONSTANT_CONVERSION = YES;
				CLANG_WARN_DEPRECATED_OBJC_IMPLEMENTATIONS = YES;
				CLANG_WARN_DIRECT_OBJC_ISA_USAGE = YES_ERROR;
				CLANG_WARN_DOCUMENTATION_COMMENTS = YES;
				CLANG_WARN_EMPTY_BODY = YES;
				CLANG_WARN_ENUM_CONVERSION = YES;
				CLANG_WARN_INFINITE_RECURSION = YES;
				CLANG_WARN_INT_CONVERSION = YES;
				CLANG_WARN_NON_LITERAL_NULL_CONVERSION = YES;
				CLANG_WARN_OBJC_IMPLICIT_RETAIN_SELF = YES;
				CLANG_WARN_OBJC_LITERAL_CONVERSION = YES;
				CLANG_WARN_OBJC_ROOT_CLASS = YES_ERROR;
				CLANG_WARN_QUOTED_INCLUDE_IN_FRAMEWORK_HEADER = YES;
				CLANG_WARN_RANGE_LOOP_ANALYSIS = YES;
				CLANG_WARN_STRICT_PROTOTYPES = YES;
				CLANG_WARN_SUSPICIOUS_MOVE = YES;
				CLANG_WARN_UNGUARDED_AVAILABILITY = YES_AGGRESSIVE;
				CLANG_WARN_UNREACHABLE_CODE = YES;
				CLANG_WARN__DUPLICATE_METHOD_MATCH = YES;
				COPY_PHASE_STRIP = NO;
				DEBUG_INFORMATION_FORMAT = dwarf;
				ENABLE_STRICT_OBJC_MSGSEND = YES;
				ENABLE_TESTABILITY = YES;
				GCC_C_LANGUAGE_STANDARD = gnu11;
				GCC_DYNAMIC_NO_PIC = NO;
				GCC_NO_COMMON_BLOCKS = YES;
				GCC_OPTIMIZATION_LEVEL = 0;
				GCC_PREPROCESSOR_DEFINITIONS = (
					"DEBUG=1",
					"$(inherited)",
				);
				GCC_WARN_64_TO_32_BIT_CONVERSION = YES;
				GCC_WARN_ABOUT_RETURN_TYPE = YES_ERROR;
				GCC_WARN_UNDECLARED_SELECTOR = YES;
				GCC_WARN_UNINITIALIZED_AUTOS = YES_AGGRESSIVE;
				GCC_WARN_UNUSED_FUNCTION = YES;
				GCC_WARN_UNUSED_VARIABLE = YES;
				IPHONEOS_DEPLOYMENT_TARGET = 14.4;
				MTL_ENABLE_DEBUG_INFO = INCLUDE_SOURCE;
				MTL_FAST_MATH = YES;
				ONLY_ACTIVE_ARCH = YES;
				SDKROOT = iphoneos;
				SWIFT_ACTIVE_COMPILATION_CONDITIONS = DEBUG;
				SWIFT_OPTIMIZATION_LEVEL = "-Onone";
			};
			name = Debug;
		};
		D472670B29F1D09A00E9537A /* Release */ = {
			isa = XCBuildConfiguration;
			buildSettings = {
				ALWAYS_SEARCH_USER_PATHS = NO;
				CLANG_ANALYZER_NONNULL = YES;
				CLANG_ANALYZER_NUMBER_OBJECT_CONVERSION = YES_AGGRESSIVE;
				CLANG_CXX_LANGUAGE_STANDARD = "gnu++14";
				CLANG_CXX_LIBRARY = "libc++";
				CLANG_ENABLE_MODULES = YES;
				CLANG_ENABLE_OBJC_ARC = YES;
				CLANG_ENABLE_OBJC_WEAK = YES;
				CLANG_WARN_BLOCK_CAPTURE_AUTORELEASING = YES;
				CLANG_WARN_BOOL_CONVERSION = YES;
				CLANG_WARN_COMMA = YES;
				CLANG_WARN_CONSTANT_CONVERSION = YES;
				CLANG_WARN_DEPRECATED_OBJC_IMPLEMENTATIONS = YES;
				CLANG_WARN_DIRECT_OBJC_ISA_USAGE = YES_ERROR;
				CLANG_WARN_DOCUMENTATION_COMMENTS = YES;
				CLANG_WARN_EMPTY_BODY = YES;
				CLANG_WARN_ENUM_CONVERSION = YES;
				CLANG_WARN_INFINITE_RECURSION = YES;
				CLANG_WARN_INT_CONVERSION = YES;
				CLANG_WARN_NON_LITERAL_NULL_CONVERSION = YES;
				CLANG_WARN_OBJC_IMPLICIT_RETAIN_SELF = YES;
				CLANG_WARN_OBJC_LITERAL_CONVERSION = YES;
				CLANG_WARN_OBJC_ROOT_CLASS = YES_ERROR;
				CLANG_WARN_QUOTED_INCLUDE_IN_FRAMEWORK_HEADER = YES;
				CLANG_WARN_RANGE_LOOP_ANALYSIS = YES;
				CLANG_WARN_STRICT_PROTOTYPES = YES;
				CLANG_WARN_SUSPICIOUS_MOVE = YES;
				CLANG_WARN_UNGUARDED_AVAILABILITY = YES_AGGRESSIVE;
				CLANG_WARN_UNREACHABLE_CODE = YES;
				CLANG_WARN__DUPLICATE_METHOD_MATCH = YES;
				COPY_PHASE_STRIP = NO;
				DEBUG_INFORMATION_FORMAT = "dwarf-with-dsym";
				ENABLE_NS_ASSERTIONS = NO;
				ENABLE_STRICT_OBJC_MSGSEND = YES;
				GCC_C_LANGUAGE_STANDARD = gnu11;
				GCC_NO_COMMON_BLOCKS = YES;
				GCC_WARN_64_TO_32_BIT_CONVERSION = YES;
				GCC_WARN_ABOUT_RETURN_TYPE = YES_ERROR;
				GCC_WARN_UNDECLARED_SELECTOR = YES;
				GCC_WARN_UNINITIALIZED_AUTOS = YES_AGGRESSIVE;
				GCC_WARN_UNUSED_FUNCTION = YES;
				GCC_WARN_UNUSED_VARIABLE = YES;
				IPHONEOS_DEPLOYMENT_TARGET = 14.4;
				MTL_ENABLE_DEBUG_INFO = NO;
				MTL_FAST_MATH = YES;
				SDKROOT = iphoneos;
				SWIFT_COMPILATION_MODE = wholemodule;
				SWIFT_OPTIMIZATION_LEVEL = "-O";
				VALIDATE_PRODUCT = YES;
			};
			name = Release;
		};
		D472670D29F1D09A00E9537A /* Debug */ = {
			isa = XCBuildConfiguration;
			baseConfigurationReference = 34801A51430B8754E526C621 /* Pods-ShortURL.debug.xcconfig */;
			buildSettings = {
				ASSETCATALOG_COMPILER_APPICON_NAME = AppIcon;
				ASSETCATALOG_COMPILER_GLOBAL_ACCENT_COLOR_NAME = AccentColor;
				CODE_SIGN_STYLE = Automatic;
				INFOPLIST_FILE = ShortURL/Info.plist;
				LD_RUNPATH_SEARCH_PATHS = (
					"$(inherited)",
					"@executable_path/Frameworks",
				);
				PRODUCT_BUNDLE_IDENTIFIER = com.otokansoso.ShortURL;
				PRODUCT_NAME = "$(TARGET_NAME)";
				SWIFT_VERSION = 5.0;
				TARGETED_DEVICE_FAMILY = 1;
			};
			name = Debug;
		};
		D472670E29F1D09A00E9537A /* Release */ = {
			isa = XCBuildConfiguration;
			baseConfigurationReference = 7E7A5A076976012C8D3F56C4 /* Pods-ShortURL.release.xcconfig */;
			buildSettings = {
				ASSETCATALOG_COMPILER_APPICON_NAME = AppIcon;
				ASSETCATALOG_COMPILER_GLOBAL_ACCENT_COLOR_NAME = AccentColor;
				CODE_SIGN_STYLE = Automatic;
				INFOPLIST_FILE = ShortURL/Info.plist;
				LD_RUNPATH_SEARCH_PATHS = (
					"$(inherited)",
					"@executable_path/Frameworks",
				);
				PRODUCT_BUNDLE_IDENTIFIER = com.otokansoso.ShortURL;
				PRODUCT_NAME = "$(TARGET_NAME)";
				SWIFT_VERSION = 5.0;
				TARGETED_DEVICE_FAMILY = 1;
			};
			name = Release;
		};
		D49ADA9029F85E2A00A5C8B5 /* Debug */ = {
			isa = XCBuildConfiguration;
			buildSettings = {
				BUNDLE_LOADER = "$(TEST_HOST)";
				CODE_SIGN_STYLE = Automatic;
				INFOPLIST_FILE = ShortURLTests/Info.plist;
				LD_RUNPATH_SEARCH_PATHS = (
					"$(inherited)",
					"@executable_path/Frameworks",
					"@loader_path/Frameworks",
				);
				PRODUCT_BUNDLE_IDENTIFIER = com.otokansoso.ShortURLTests;
				PRODUCT_NAME = "$(TARGET_NAME)";
				SWIFT_VERSION = 5.0;
				TARGETED_DEVICE_FAMILY = "1,2";
				TEST_HOST = "$(BUILT_PRODUCTS_DIR)/ShortURL.app/ShortURL";
			};
			name = Debug;
		};
		D49ADA9129F85E2A00A5C8B5 /* Release */ = {
			isa = XCBuildConfiguration;
			buildSettings = {
				BUNDLE_LOADER = "$(TEST_HOST)";
				CODE_SIGN_STYLE = Automatic;
				INFOPLIST_FILE = ShortURLTests/Info.plist;
				LD_RUNPATH_SEARCH_PATHS = (
					"$(inherited)",
					"@executable_path/Frameworks",
					"@loader_path/Frameworks",
				);
				PRODUCT_BUNDLE_IDENTIFIER = com.otokansoso.ShortURLTests;
				PRODUCT_NAME = "$(TARGET_NAME)";
				SWIFT_VERSION = 5.0;
				TARGETED_DEVICE_FAMILY = "1,2";
				TEST_HOST = "$(BUILT_PRODUCTS_DIR)/ShortURL.app/ShortURL";
			};
			name = Release;
		};
/* End XCBuildConfiguration section */

/* Begin XCConfigurationList section */
		D47266F329F1D09000E9537A /* Build configuration list for PBXProject "ShortURL" */ = {
			isa = XCConfigurationList;
			buildConfigurations = (
				D472670A29F1D09A00E9537A /* Debug */,
				D472670B29F1D09A00E9537A /* Release */,
			);
			defaultConfigurationIsVisible = 0;
			defaultConfigurationName = Release;
		};
		D472670C29F1D09A00E9537A /* Build configuration list for PBXNativeTarget "ShortURL" */ = {
			isa = XCConfigurationList;
			buildConfigurations = (
				D472670D29F1D09A00E9537A /* Debug */,
				D472670E29F1D09A00E9537A /* Release */,
			);
			defaultConfigurationIsVisible = 0;
			defaultConfigurationName = Release;
		};
		D49ADA8F29F85E2A00A5C8B5 /* Build configuration list for PBXNativeTarget "ShortURLTests" */ = {
			isa = XCConfigurationList;
			buildConfigurations = (
				D49ADA9029F85E2A00A5C8B5 /* Debug */,
				D49ADA9129F85E2A00A5C8B5 /* Release */,
			);
			defaultConfigurationIsVisible = 0;
			defaultConfigurationName = Release;
		};
/* End XCConfigurationList section */
	};
	rootObject = D47266F029F1D09000E9537A /* Project object */;
}
